
Microsoft Visual Studio Solution File, Format Version 12.00
# Visual Studio Version 17
VisualStudioVersion = 17.9.34728.123
MinimumVisualStudioVersion = 10.0.40219.1
Project("{FAE04EC0-301F-11D3-BF4B-00C04F79EFBC}") = "HospitalManagementSystem", "HospitalManagementSystem.csproj", "{258841D2-7D8C-4E30-9E05-CA2EF8A71898}"
EndProject
Global
	GlobalSection(SolutionConfigurationPlatforms) = preSolution
		Debug|Any CPU = Debug|Any CPU
		Release|Any CPU = Release|Any CPU
	EndGlobalSection
	GlobalSection(ProjectConfigurationPlatforms) = postSolution
		{258841D2-7D8C-4E30-9E05-CA2EF8A71898}.Debug|Any CPU.ActiveCfg = Debug|Any CPU
		{258841D2-7D8C-4E30-9E05-CA2EF8A71898}.Debug|Any CPU.Build.0 = Debug|Any CPU
		{258841D2-7D8C-4E30-9E05-CA2EF8A71898}.Release|Any CPU.ActiveCfg = Release|Any CPU
		{258841D2-7D8C-4E30-9E05-CA2EF8A71898}.Release|Any CPU.Build.0 = Release|Any CPU
	EndGlobalSection
	GlobalSection(SolutionProperties) = preSolution
		HideSolutionNode = FALSE
	EndGlobalSection
	GlobalSection(ExtensibilityGlobals) = postSolution
		SolutionGuid = {054669F1-378C-4E6A-B344-F7C0231E6824}
	EndGlobalSection
EndGlobal
